
Microsoft Visual Studio Solution File, Format Version 12.00
# Visual Studio Version 16
VisualStudioVersion = 16.0.31129.286
MinimumVisualStudioVersion = 10.0.40219.1
Project("{9A19103F-16F7-4668-BE54-9A1E7A4F7556}") = "NoobServer", "NoobServer\NoobServer.csproj", "{A4E68D10-53C1-4B42-AC7C-C270A3C90CB2}"
EndProject
Project("{9A19103F-16F7-4668-BE54-9A1E7A4F7556}") = "NoobNetwork", "NoobNetwork\NoobNetwork.csproj", "{414C052B-0D50-477B-BE7C-E228F14A7C96}"
EndProject
Global
	GlobalSection(SolutionConfigurationPlatforms) = preSolution
		Debug|Any CPU = Debug|Any CPU
		Release|Any CPU = Release|Any CPU
	EndGlobalSection
	GlobalSection(ProjectConfigurationPlatforms) = postSolution
		{A4E68D10-53C1-4B42-AC7C-C270A3C90CB2}.Debug|Any CPU.ActiveCfg = Debug|Any CPU
		{A4E68D10-53C1-4B42-AC7C-C270A3C90CB2}.Debug|Any CPU.Build.0 = Debug|Any CPU
		{A4E68D10-53C1-4B42-AC7C-C270A3C90CB2}.Release|Any CPU.ActiveCfg = Release|Any CPU
		{A4E68D10-53C1-4B42-AC7C-C270A3C90CB2}.Release|Any CPU.Build.0 = Release|Any CPU
		{414C052B-0D50-477B-BE7C-E228F14A7C96}.Debug|Any CPU.ActiveCfg = Debug|Any CPU
		{414C052B-0D50-477B-BE7C-E228F14A7C96}.Debug|Any CPU.Build.0 = Debug|Any CPU
		{414C052B-0D50-477B-BE7C-E228F14A7C96}.Release|Any CPU.ActiveCfg = Release|Any CPU
		{414C052B-0D50-477B-BE7C-E228F14A7C96}.Release|Any CPU.Build.0 = Release|Any CPU
	EndGlobalSection
	GlobalSection(SolutionProperties) = preSolution
		HideSolutionNode = FALSE
	EndGlobalSection
	GlobalSection(ExtensibilityGlobals) = postSolution
		SolutionGuid = {DC15DEA2-3DEA-4B78-BC3F-43E039577606}
	EndGlobalSection
EndGlobal
