
Microsoft Visual Studio Solution File, Format Version 12.00
# Visual Studio Version 16
VisualStudioVersion = 16.0.31129.286
MinimumVisualStudioVersion = 10.0.40219.1
Project("{FAE04EC0-301F-11D3-BF4B-00C04F79EFBC}") = "NoobServer", "NoobServer.csproj", "{F539F916-2CC9-454B-8180-D3387F2EC9B2}"
EndProject
Global
	GlobalSection(SolutionConfigurationPlatforms) = preSolution
		Debug|Any CPU = Debug|Any CPU
		Release|Any CPU = Release|Any CPU
	EndGlobalSection
	GlobalSection(ProjectConfigurationPlatforms) = postSolution
		{F539F916-2CC9-454B-8180-D3387F2EC9B2}.Debug|Any CPU.ActiveCfg = Debug|Any CPU
		{F539F916-2CC9-454B-8180-D3387F2EC9B2}.Debug|Any CPU.Build.0 = Debug|Any CPU
		{F539F916-2CC9-454B-8180-D3387F2EC9B2}.Release|Any CPU.ActiveCfg = Release|Any CPU
		{F539F916-2CC9-454B-8180-D3387F2EC9B2}.Release|Any CPU.Build.0 = Release|Any CPU
	EndGlobalSection
	GlobalSection(SolutionProperties) = preSolution
		HideSolutionNode = FALSE
	EndGlobalSection
	GlobalSection(ExtensibilityGlobals) = postSolution
		SolutionGuid = {DC15DEA2-3DEA-4B78-BC3F-43E039577606}
	EndGlobalSection
EndGlobal
